// !$*UTF8*$!
{
	archiveVersion = 1;
	classes = {
	};
	objectVersion = 50;
	objects = {

/* Begin PBXBuildFile section */
		B49761A722B4012B0096F864 /* AppDelegate.swift in Sources */ = {isa = PBXBuildFile; fileRef = B49761A622B4012B0096F864 /* AppDelegate.swift */; };
		B49761A922B4012B0096F864 /* ViewController.swift in Sources */ = {isa = PBXBuildFile; fileRef = B49761A822B4012B0096F864 /* ViewController.swift */; };
		B49761AC22B4012B0096F864 /* Main.storyboard in Resources */ = {isa = PBXBuildFile; fileRef = B49761AA22B4012B0096F864 /* Main.storyboard */; };
		B49761AE22B4012D0096F864 /* Assets.xcassets in Resources */ = {isa = PBXBuildFile; fileRef = B49761AD22B4012D0096F864 /* Assets.xcassets */; };
		B49761B122B4012D0096F864 /* LaunchScreen.storyboard in Resources */ = {isa = PBXBuildFile; fileRef = B49761AF22B4012D0096F864 /* LaunchScreen.storyboard */; };
		B49761BC22B4012D0096F864 /* TelloTests.swift in Sources */ = {isa = PBXBuildFile; fileRef = B49761BB22B4012D0096F864 /* TelloTests.swift */; };
		B49761C722B4012D0096F864 /* TelloUITests.swift in Sources */ = {isa = PBXBuildFile; fileRef = B49761C622B4012D0096F864 /* TelloUITests.swift */; };
		B4EB223922B9FADE007F5A52 /* Socket.swift in Sources */ = {isa = PBXBuildFile; fileRef = B4EB223522B9FADD007F5A52 /* Socket.swift */; };
		B4EB223A22B9FADE007F5A52 /* Result.swift in Sources */ = {isa = PBXBuildFile; fileRef = B4EB223622B9FADE007F5A52 /* Result.swift */; };
		B4EB223B22B9FADE007F5A52 /* UDPClient.swift in Sources */ = {isa = PBXBuildFile; fileRef = B4EB223722B9FADE007F5A52 /* UDPClient.swift */; };
		B4EB223C22B9FADE007F5A52 /* yudpsocket.c in Sources */ = {isa = PBXBuildFile; fileRef = B4EB223822B9FADE007F5A52 /* yudpsocket.c */; };
/* End PBXBuildFile section */

/* Begin PBXContainerItemProxy section */
		B49761B822B4012D0096F864 /* PBXContainerItemProxy */ = {
			isa = PBXContainerItemProxy;
			containerPortal = B497619B22B4012B0096F864 /* Project object */;
			proxyType = 1;
			remoteGlobalIDString = B49761A222B4012B0096F864;
			remoteInfo = Tello;
		};
		B49761C322B4012D0096F864 /* PBXContainerItemProxy */ = {
			isa = PBXContainerItemProxy;
			containerPortal = B497619B22B4012B0096F864 /* Project object */;
			proxyType = 1;
			remoteGlobalIDString = B49761A222B4012B0096F864;
			remoteInfo = Tello;
		};
/* End PBXContainerItemProxy section */

/* Begin PBXFileReference section */
		B49761A322B4012B0096F864 /* Tello.app */ = {isa = PBXFileReference; explicitFileType = wrapper.application; includeInIndex = 0; path = Tello.app; sourceTree = BUILT_PRODUCTS_DIR; };
		B49761A622B4012B0096F864 /* AppDelegate.swift */ = {isa = PBXFileReference; lastKnownFileType = sourcecode.swift; path = AppDelegate.swift; sourceTree = "<group>"; };
		B49761A822B4012B0096F864 /* ViewController.swift */ = {isa = PBXFileReference; lastKnownFileType = sourcecode.swift; path = ViewController.swift; sourceTree = "<group>"; };
		B49761AB22B4012B0096F864 /* Base */ = {isa = PBXFileReference; lastKnownFileType = file.storyboard; name = Base; path = Base.lproj/Main.storyboard; sourceTree = "<group>"; };
		B49761AD22B4012D0096F864 /* Assets.xcassets */ = {isa = PBXFileReference; lastKnownFileType = folder.assetcatalog; path = Assets.xcassets; sourceTree = "<group>"; };
		B49761B022B4012D0096F864 /* Base */ = {isa = PBXFileReference; lastKnownFileType = file.storyboard; name = Base; path = Base.lproj/LaunchScreen.storyboard; sourceTree = "<group>"; };
		B49761B222B4012D0096F864 /* Info.plist */ = {isa = PBXFileReference; lastKnownFileType = text.plist.xml; path = Info.plist; sourceTree = "<group>"; };
		B49761B722B4012D0096F864 /* TelloTests.xctest */ = {isa = PBXFileReference; explicitFileType = wrapper.cfbundle; includeInIndex = 0; path = TelloTests.xctest; sourceTree = BUILT_PRODUCTS_DIR; };
		B49761BB22B4012D0096F864 /* TelloTests.swift */ = {isa = PBXFileReference; lastKnownFileType = sourcecode.swift; path = TelloTests.swift; sourceTree = "<group>"; };
		B49761BD22B4012D0096F864 /* Info.plist */ = {isa = PBXFileReference; lastKnownFileType = text.plist.xml; path = Info.plist; sourceTree = "<group>"; };
		B49761C222B4012D0096F864 /* TelloUITests.xctest */ = {isa = PBXFileReference; explicitFileType = wrapper.cfbundle; includeInIndex = 0; path = TelloUITests.xctest; sourceTree = BUILT_PRODUCTS_DIR; };
		B49761C622B4012D0096F864 /* TelloUITests.swift */ = {isa = PBXFileReference; lastKnownFileType = sourcecode.swift; path = TelloUITests.swift; sourceTree = "<group>"; };
		B49761C822B4012D0096F864 /* Info.plist */ = {isa = PBXFileReference; lastKnownFileType = text.plist.xml; path = Info.plist; sourceTree = "<group>"; };
		B4EB223322B9FADD007F5A52 /* Tello-Bridging-Header.h */ = {isa = PBXFileReference; lastKnownFileType = sourcecode.c.h; path = "Tello-Bridging-Header.h"; sourceTree = "<group>"; };
		B4EB223422B9FADD007F5A52 /* SwiftSocket.h */ = {isa = PBXFileReference; fileEncoding = 4; lastKnownFileType = sourcecode.c.h; path = SwiftSocket.h; sourceTree = "<group>"; };
		B4EB223522B9FADD007F5A52 /* Socket.swift */ = {isa = PBXFileReference; fileEncoding = 4; lastKnownFileType = sourcecode.swift; path = Socket.swift; sourceTree = "<group>"; };
		B4EB223622B9FADE007F5A52 /* Result.swift */ = {isa = PBXFileReference; fileEncoding = 4; lastKnownFileType = sourcecode.swift; path = Result.swift; sourceTree = "<group>"; };
		B4EB223722B9FADE007F5A52 /* UDPClient.swift */ = {isa = PBXFileReference; fileEncoding = 4; lastKnownFileType = sourcecode.swift; path = UDPClient.swift; sourceTree = "<group>"; };
		B4EB223822B9FADE007F5A52 /* yudpsocket.c */ = {isa = PBXFileReference; fileEncoding = 4; lastKnownFileType = sourcecode.c.c; path = yudpsocket.c; sourceTree = "<group>"; };
/* End PBXFileReference section */

/* Begin PBXFrameworksBuildPhase section */
		B49761A022B4012B0096F864 /* Frameworks */ = {
			isa = PBXFrameworksBuildPhase;
			buildActionMask = 2147483647;
			files = (
			);
			runOnlyForDeploymentPostprocessing = 0;
		};
		B49761B422B4012D0096F864 /* Frameworks */ = {
			isa = PBXFrameworksBuildPhase;
			buildActionMask = 2147483647;
			files = (
			);
			runOnlyForDeploymentPostprocessing = 0;
		};
		B49761BF22B4012D0096F864 /* Frameworks */ = {
			isa = PBXFrameworksBuildPhase;
			buildActionMask = 2147483647;
			files = (
			);
			runOnlyForDeploymentPostprocessing = 0;
		};
/* End PBXFrameworksBuildPhase section */

/* Begin PBXGroup section */
		B497619A22B4012B0096F864 = {
			isa = PBXGroup;
			children = (
				B4EB223622B9FADE007F5A52 /* Result.swift */,
				B4EB223522B9FADD007F5A52 /* Socket.swift */,
				B4EB223422B9FADD007F5A52 /* SwiftSocket.h */,
				B4EB223722B9FADE007F5A52 /* UDPClient.swift */,
				B4EB223822B9FADE007F5A52 /* yudpsocket.c */,
				B49761A522B4012B0096F864 /* Tello */,
				B49761BA22B4012D0096F864 /* TelloTests */,
				B49761C522B4012D0096F864 /* TelloUITests */,
				B49761A422B4012B0096F864 /* Products */,
				B4EB223322B9FADD007F5A52 /* Tello-Bridging-Header.h */,
			);
			sourceTree = "<group>";
		};
		B49761A422B4012B0096F864 /* Products */ = {
			isa = PBXGroup;
			children = (
				B49761A322B4012B0096F864 /* Tello.app */,
				B49761B722B4012D0096F864 /* TelloTests.xctest */,
				B49761C222B4012D0096F864 /* TelloUITests.xctest */,
			);
			name = Products;
			sourceTree = "<group>";
		};
		B49761A522B4012B0096F864 /* Tello */ = {
			isa = PBXGroup;
			children = (
				B49761A622B4012B0096F864 /* AppDelegate.swift */,
				B49761A822B4012B0096F864 /* ViewController.swift */,
				B49761AA22B4012B0096F864 /* Main.storyboard */,
				B49761AD22B4012D0096F864 /* Assets.xcassets */,
				B49761AF22B4012D0096F864 /* LaunchScreen.storyboard */,
				B49761B222B4012D0096F864 /* Info.plist */,
			);
			path = Tello;
			sourceTree = "<group>";
		};
		B49761BA22B4012D0096F864 /* TelloTests */ = {
			isa = PBXGroup;
			children = (
				B49761BB22B4012D0096F864 /* TelloTests.swift */,
				B49761BD22B4012D0096F864 /* Info.plist */,
			);
			path = TelloTests;
			sourceTree = "<group>";
		};
		B49761C522B4012D0096F864 /* TelloUITests */ = {
			isa = PBXGroup;
			children = (
				B49761C622B4012D0096F864 /* TelloUITests.swift */,
				B49761C822B4012D0096F864 /* Info.plist */,
			);
			path = TelloUITests;
			sourceTree = "<group>";
		};
/* End PBXGroup section */

/* Begin PBXNativeTarget section */
		B49761A222B4012B0096F864 /* Tello */ = {
			isa = PBXNativeTarget;
			buildConfigurationList = B49761CB22B4012D0096F864 /* Build configuration list for PBXNativeTarget "Tello" */;
			buildPhases = (
				B497619F22B4012B0096F864 /* Sources */,
				B49761A022B4012B0096F864 /* Frameworks */,
				B49761A122B4012B0096F864 /* Resources */,
			);
			buildRules = (
			);
			dependencies = (
			);
			name = Tello;
			productName = Tello;
			productReference = B49761A322B4012B0096F864 /* Tello.app */;
			productType = "com.apple.product-type.application";
		};
		B49761B622B4012D0096F864 /* TelloTests */ = {
			isa = PBXNativeTarget;
			buildConfigurationList = B49761CE22B4012D0096F864 /* Build configuration list for PBXNativeTarget "TelloTests" */;
			buildPhases = (
				B49761B322B4012D0096F864 /* Sources */,
				B49761B422B4012D0096F864 /* Frameworks */,
				B49761B522B4012D0096F864 /* Resources */,
			);
			buildRules = (
			);
			dependencies = (
				B49761B922B4012D0096F864 /* PBXTargetDependency */,
			);
			name = TelloTests;
			productName = TelloTests;
			productReference = B49761B722B4012D0096F864 /* TelloTests.xctest */;
			productType = "com.apple.product-type.bundle.unit-test";
		};
		B49761C122B4012D0096F864 /* TelloUITests */ = {
			isa = PBXNativeTarget;
			buildConfigurationList = B49761D122B4012D0096F864 /* Build configuration list for PBXNativeTarget "TelloUITests" */;
			buildPhases = (
				B49761BE22B4012D0096F864 /* Sources */,
				B49761BF22B4012D0096F864 /* Frameworks */,
				B49761C022B4012D0096F864 /* Resources */,
			);
			buildRules = (
			);
			dependencies = (
				B49761C422B4012D0096F864 /* PBXTargetDependency */,
			);
			name = TelloUITests;
			productName = TelloUITests;
			productReference = B49761C222B4012D0096F864 /* TelloUITests.xctest */;
			productType = "com.apple.product-type.bundle.ui-testing";
		};
/* End PBXNativeTarget section */

/* Begin PBXProject section */
		B497619B22B4012B0096F864 /* Project object */ = {
			isa = PBXProject;
			attributes = {
				LastSwiftUpdateCheck = 1020;
				LastUpgradeCheck = 1020;
				ORGANIZATIONNAME = JA1221;
				TargetAttributes = {
					B49761A222B4012B0096F864 = {
						CreatedOnToolsVersion = 10.2;
						LastSwiftMigration = 1020;
					};
					B49761B622B4012D0096F864 = {
						CreatedOnToolsVersion = 10.2;
						TestTargetID = B49761A222B4012B0096F864;
					};
					B49761C122B4012D0096F864 = {
						CreatedOnToolsVersion = 10.2;
						TestTargetID = B49761A222B4012B0096F864;
					};
				};
			};
			buildConfigurationList = B497619E22B4012B0096F864 /* Build configuration list for PBXProject "Tello" */;
			compatibilityVersion = "Xcode 9.3";
			developmentRegion = en;
			hasScannedForEncodings = 0;
			knownRegions = (
				en,
				Base,
			);
			mainGroup = B497619A22B4012B0096F864;
			productRefGroup = B49761A422B4012B0096F864 /* Products */;
			projectDirPath = "";
			projectRoot = "";
			targets = (
				B49761A222B4012B0096F864 /* Tello */,
				B49761B622B4012D0096F864 /* TelloTests */,
				B49761C122B4012D0096F864 /* TelloUITests */,
			);
		};
/* End PBXProject section */

/* Begin PBXResourcesBuildPhase section */
		B49761A122B4012B0096F864 /* Resources */ = {
			isa = PBXResourcesBuildPhase;
			buildActionMask = 2147483647;
			files = (
				B49761B122B4012D0096F864 /* LaunchScreen.storyboard in Resources */,
				B49761AE22B4012D0096F864 /* Assets.xcassets in Resources */,
				B49761AC22B4012B0096F864 /* Main.storyboard in Resources */,
			);
			runOnlyForDeploymentPostprocessing = 0;
		};
		B49761B522B4012D0096F864 /* Resources */ = {
			isa = PBXResourcesBuildPhase;
			buildActionMask = 2147483647;
			files = (
			);
			runOnlyForDeploymentPostprocessing = 0;
		};
		B49761C022B4012D0096F864 /* Resources */ = {
			isa = PBXResourcesBuildPhase;
			buildActionMask = 2147483647;
			files = (
			);
			runOnlyForDeploymentPostprocessing = 0;
		};
/* End PBXResourcesBuildPhase section */

/* Begin PBXSourcesBuildPhase section */
		B497619F22B4012B0096F864 /* Sources */ = {
			isa = PBXSourcesBuildPhase;
			buildActionMask = 2147483647;
			files = (
				B4EB223B22B9FADE007F5A52 /* UDPClient.swift in Sources */,
				B49761A922B4012B0096F864 /* ViewController.swift in Sources */,
				B4EB223C22B9FADE007F5A52 /* yudpsocket.c in Sources */,
				B49761A722B4012B0096F864 /* AppDelegate.swift in Sources */,
				B4EB223A22B9FADE007F5A52 /* Result.swift in Sources */,
				B4EB223922B9FADE007F5A52 /* Socket.swift in Sources */,
			);
			runOnlyForDeploymentPostprocessing = 0;
		};
		B49761B322B4012D0096F864 /* Sources */ = {
			isa = PBXSourcesBuildPhase;
			buildActionMask = 2147483647;
			files = (
				B49761BC22B4012D0096F864 /* TelloTests.swift in Sources */,
			);
			runOnlyForDeploymentPostprocessing = 0;
		};
		B49761BE22B4012D0096F864 /* Sources */ = {
			isa = PBXSourcesBuildPhase;
			buildActionMask = 2147483647;
			files = (
				B49761C722B4012D0096F864 /* TelloUITests.swift in Sources */,
			);
			runOnlyForDeploymentPostprocessing = 0;
		};
/* End PBXSourcesBuildPhase section */

/* Begin PBXTargetDependency section */
		B49761B922B4012D0096F864 /* PBXTargetDependency */ = {
			isa = PBXTargetDependency;
			target = B49761A222B4012B0096F864 /* Tello */;
			targetProxy = B49761B822B4012D0096F864 /* PBXContainerItemProxy */;
		};
		B49761C422B4012D0096F864 /* PBXTargetDependency */ = {
			isa = PBXTargetDependency;
			target = B49761A222B4012B0096F864 /* Tello */;
			targetProxy = B49761C322B4012D0096F864 /* PBXContainerItemProxy */;
		};
/* End PBXTargetDependency section */

/* Begin PBXVariantGroup section */
		B49761AA22B4012B0096F864 /* Main.storyboard */ = {
			isa = PBXVariantGroup;
			children = (
				B49761AB22B4012B0096F864 /* Base */,
			);
			name = Main.storyboard;
			sourceTree = "<group>";
		};
		B49761AF22B4012D0096F864 /* LaunchScreen.storyboard */ = {
			isa = PBXVariantGroup;
			children = (
				B49761B022B4012D0096F864 /* Base */,
			);
			name = LaunchScreen.storyboard;
			sourceTree = "<group>";
		};
/* End PBXVariantGroup section */

/* Begin XCBuildConfiguration section */
		B49761C922B4012D0096F864 /* Debug */ = {
			isa = XCBuildConfiguration;
			buildSettings = {
				ALWAYS_SEARCH_USER_PATHS = NO;
				CLANG_ANALYZER_NONNULL = YES;
				CLANG_ANALYZER_NUMBER_OBJECT_CONVERSION = YES_AGGRESSIVE;
				CLANG_CXX_LANGUAGE_STANDARD = "gnu++14";
				CLANG_CXX_LIBRARY = "libc++";
				CLANG_ENABLE_MODULES = YES;
				CLANG_ENABLE_OBJC_ARC = YES;
				CLANG_ENABLE_OBJC_WEAK = YES;
				CLANG_WARN_BLOCK_CAPTURE_AUTORELEASING = YES;
				CLANG_WARN_BOOL_CONVERSION = YES;
				CLANG_WARN_COMMA = YES;
				CLANG_WARN_CONSTANT_CONVERSION = YES;
				CLANG_WARN_DEPRECATED_OBJC_IMPLEMENTATIONS = YES;
				CLANG_WARN_DIRECT_OBJC_ISA_USAGE = YES_ERROR;
				CLANG_WARN_DOCUMENTATION_COMMENTS = YES;
				CLANG_WARN_EMPTY_BODY = YES;
				CLANG_WARN_ENUM_CONVERSION = YES;
				CLANG_WARN_INFINITE_RECURSION = YES;
				CLANG_WARN_INT_CONVERSION = YES;
				CLANG_WARN_NON_LITERAL_NULL_CONVERSION = YES;
				CLANG_WARN_OBJC_IMPLICIT_RETAIN_SELF = YES;
				CLANG_WARN_OBJC_LITERAL_CONVERSION = YES;
				CLANG_WARN_OBJC_ROOT_CLASS = YES_ERROR;
				CLANG_WARN_RANGE_LOOP_ANALYSIS = YES;
				CLANG_WARN_STRICT_PROTOTYPES = YES;
				CLANG_WARN_SUSPICIOUS_MOVE = YES;
				CLANG_WARN_UNGUARDED_AVAILABILITY = YES_AGGRESSIVE;
				CLANG_WARN_UNREACHABLE_CODE = YES;
				CLANG_WARN__DUPLICATE_METHOD_MATCH = YES;
				CODE_SIGN_IDENTITY = "iPhone Developer";
				COPY_PHASE_STRIP = NO;
				DEBUG_INFORMATION_FORMAT = dwarf;
				ENABLE_STRICT_OBJC_MSGSEND = YES;
				ENABLE_TESTABILITY = YES;
				GCC_C_LANGUAGE_STANDARD = gnu11;
				GCC_DYNAMIC_NO_PIC = NO;
				GCC_NO_COMMON_BLOCKS = YES;
				GCC_OPTIMIZATION_LEVEL = 0;
				GCC_PREPROCESSOR_DEFINITIONS = (
					"DEBUG=1",
					"$(inherited)",
				);
				GCC_WARN_64_TO_32_BIT_CONVERSION = YES;
				GCC_WARN_ABOUT_RETURN_TYPE = YES_ERROR;
				GCC_WARN_UNDECLARED_SELECTOR = YES;
				GCC_WARN_UNINITIALIZED_AUTOS = YES_AGGRESSIVE;
				GCC_WARN_UNUSED_FUNCTION = YES;
				GCC_WARN_UNUSED_VARIABLE = YES;
				IPHONEOS_DEPLOYMENT_TARGET = 12.2;
				MTL_ENABLE_DEBUG_INFO = INCLUDE_SOURCE;
				MTL_FAST_MATH = YES;
				ONLY_ACTIVE_ARCH = YES;
				SDKROOT = iphoneos;
				SWIFT_ACTIVE_COMPILATION_CONDITIONS = DEBUG;
				SWIFT_OPTIMIZATION_LEVEL = "-Onone";
			};
			name = Debug;
		};
		B49761CA22B4012D0096F864 /* Release */ = {
			isa = XCBuildConfiguration;
			buildSettings = {
				ALWAYS_SEARCH_USER_PATHS = NO;
				CLANG_ANALYZER_NONNULL = YES;
				CLANG_ANALYZER_NUMBER_OBJECT_CONVERSION = YES_AGGRESSIVE;
				CLANG_CXX_LANGUAGE_STANDARD = "gnu++14";
				CLANG_CXX_LIBRARY = "libc++";
				CLANG_ENABLE_MODULES = YES;
				CLANG_ENABLE_OBJC_ARC = YES;
				CLANG_ENABLE_OBJC_WEAK = YES;
				CLANG_WARN_BLOCK_CAPTURE_AUTORELEASING = YES;
				CLANG_WARN_BOOL_CONVERSION = YES;
				CLANG_WARN_COMMA = YES;
				CLANG_WARN_CONSTANT_CONVERSION = YES;
				CLANG_WARN_DEPRECATED_OBJC_IMPLEMENTATIONS = YES;
				CLANG_WARN_DIRECT_OBJC_ISA_USAGE = YES_ERROR;
				CLANG_WARN_DOCUMENTATION_COMMENTS = YES;
				CLANG_WARN_EMPTY_BODY = YES;
				CLANG_WARN_ENUM_CONVERSION = YES;
				CLANG_WARN_INFINITE_RECURSION = YES;
				CLANG_WARN_INT_CONVERSION = YES;
				CLANG_WARN_NON_LITERAL_NULL_CONVERSION = YES;
				CLANG_WARN_OBJC_IMPLICIT_RETAIN_SELF = YES;
				CLANG_WARN_OBJC_LITERAL_CONVERSION = YES;
				CLANG_WARN_OBJC_ROOT_CLASS = YES_ERROR;
				CLANG_WARN_RANGE_LOOP_ANALYSIS = YES;
				CLANG_WARN_STRICT_PROTOTYPES = YES;
				CLANG_WARN_SUSPICIOUS_MOVE = YES;
				CLANG_WARN_UNGUARDED_AVAILABILITY = YES_AGGRESSIVE;
				CLANG_WARN_UNREACHABLE_CODE = YES;
				CLANG_WARN__DUPLICATE_METHOD_MATCH = YES;
				CODE_SIGN_IDENTITY = "iPhone Developer";
				COPY_PHASE_STRIP = NO;
				DEBUG_INFORMATION_FORMAT = "dwarf-with-dsym";
				ENABLE_NS_ASSERTIONS = NO;
				ENABLE_STRICT_OBJC_MSGSEND = YES;
				GCC_C_LANGUAGE_STANDARD = gnu11;
				GCC_NO_COMMON_BLOCKS = YES;
				GCC_WARN_64_TO_32_BIT_CONVERSION = YES;
				GCC_WARN_ABOUT_RETURN_TYPE = YES_ERROR;
				GCC_WARN_UNDECLARED_SELECTOR = YES;
				GCC_WARN_UNINITIALIZED_AUTOS = YES_AGGRESSIVE;
				GCC_WARN_UNUSED_FUNCTION = YES;
				GCC_WARN_UNUSED_VARIABLE = YES;
				IPHONEOS_DEPLOYMENT_TARGET = 12.2;
				MTL_ENABLE_DEBUG_INFO = NO;
				MTL_FAST_MATH = YES;
				SDKROOT = iphoneos;
				SWIFT_COMPILATION_MODE = wholemodule;
				SWIFT_OPTIMIZATION_LEVEL = "-O";
				VALIDATE_PRODUCT = YES;
			};
			name = Release;
		};
		B49761CC22B4012D0096F864 /* Debug */ = {
			isa = XCBuildConfiguration;
			buildSettings = {
				ASSETCATALOG_COMPILER_APPICON_NAME = AppIcon;
				CLANG_ENABLE_MODULES = YES;
				CODE_SIGN_STYLE = Automatic;
				DEVELOPMENT_TEAM = HL2QTQFA4Q;
				INFOPLIST_FILE = Tello/Info.plist;
				IPHONEOS_DEPLOYMENT_TARGET = 11.4;
				LD_RUNPATH_SEARCH_PATHS = (
					"$(inherited)",
					"@executable_path/Frameworks",
				);
				PRODUCT_BUNDLE_IDENTIFIER = com.nkust.LU.Tello;
				PRODUCT_NAME = "$(TARGET_NAME)";
				SWIFT_OBJC_BRIDGING_HEADER = "Tello-Bridging-Header.h";
				SWIFT_OPTIMIZATION_LEVEL = "-Onone";
				SWIFT_VERSION = 5.0;
				TARGETED_DEVICE_FAMILY = "1,2";
			};
			name = Debug;
		};
		B49761CD22B4012D0096F864 /* Release */ = {
			isa = XCBuildConfiguration;
			buildSettings = {
				ASSETCATALOG_COMPILER_APPICON_NAME = AppIcon;
				CLANG_ENABLE_MODULES = YES;
				CODE_SIGN_STYLE = Automatic;
				DEVELOPMENT_TEAM = HL2QTQFA4Q;
				INFOPLIST_FILE = Tello/Info.plist;
				IPHONEOS_DEPLOYMENT_TARGET = 11.4;
				LD_RUNPATH_SEARCH_PATHS = (
					"$(inherited)",
					"@executable_path/Frameworks",
				);
				PRODUCT_BUNDLE_IDENTIFIER = com.nkust.LU.Tello;
				PRODUCT_NAME = "$(TARGET_NAME)";
				SWIFT_OBJC_BRIDGING_HEADER = "Tello-Bridging-Header.h";
				SWIFT_VERSION = 5.0;
				TARGETED_DEVICE_FAMILY = "1,2";
			};
			name = Release;
		};
		B49761CF22B4012D0096F864 /* Debug */ = {
			isa = XCBuildConfiguration;
			buildSettings = {
				ALWAYS_EMBED_SWIFT_STANDARD_LIBRARIES = YES;
				BUNDLE_LOADER = "$(TEST_HOST)";
				CODE_SIGN_STYLE = Automatic;
				INFOPLIST_FILE = TelloTests/Info.plist;
				LD_RUNPATH_SEARCH_PATHS = (
					"$(inherited)",
					"@executable_path/Frameworks",
					"@loader_path/Frameworks",
				);
				PRODUCT_BUNDLE_IDENTIFIER = com.nkust.LU.TelloTests;
				PRODUCT_NAME = "$(TARGET_NAME)";
				SWIFT_VERSION = 5.0;
				TARGETED_DEVICE_FAMILY = "1,2";
				TEST_HOST = "$(BUILT_PRODUCTS_DIR)/Tello.app/Tello";
			};
			name = Debug;
		};
		B49761D022B4012D0096F864 /* Release */ = {
			isa = XCBuildConfiguration;
			buildSettings = {
				ALWAYS_EMBED_SWIFT_STANDARD_LIBRARIES = YES;
				BUNDLE_LOADER = "$(TEST_HOST)";
				CODE_SIGN_STYLE = Automatic;
				INFOPLIST_FILE = TelloTests/Info.plist;
				LD_RUNPATH_SEARCH_PATHS = (
					"$(inherited)",
					"@executable_path/Frameworks",
					"@loader_path/Frameworks",
				);
				PRODUCT_BUNDLE_IDENTIFIER = com.nkust.LU.TelloTests;
				PRODUCT_NAME = "$(TARGET_NAME)";
				SWIFT_VERSION = 5.0;
				TARGETED_DEVICE_FAMILY = "1,2";
				TEST_HOST = "$(BUILT_PRODUCTS_DIR)/Tello.app/Tello";
			};
			name = Release;
		};
		B49761D222B4012D0096F864 /* Debug */ = {
			isa = XCBuildConfiguration;
			buildSettings = {
				ALWAYS_EMBED_SWIFT_STANDARD_LIBRARIES = YES;
				CODE_SIGN_STYLE = Automatic;
				INFOPLIST_FILE = TelloUITests/Info.plist;
				LD_RUNPATH_SEARCH_PATHS = (
					"$(inherited)",
					"@executable_path/Frameworks",
					"@loader_path/Frameworks",
				);
				PRODUCT_BUNDLE_IDENTIFIER = com.nkust.LU.TelloUITests;
				PRODUCT_NAME = "$(TARGET_NAME)";
				SWIFT_VERSION = 5.0;
				TARGETED_DEVICE_FAMILY = "1,2";
				TEST_TARGET_NAME = Tello;
			};
			name = Debug;
		};
		B49761D322B4012D0096F864 /* Release */ = {
			isa = XCBuildConfiguration;
			buildSettings = {
				ALWAYS_EMBED_SWIFT_STANDARD_LIBRARIES = YES;
				CODE_SIGN_STYLE = Automatic;
				INFOPLIST_FILE = TelloUITests/Info.plist;
				LD_RUNPATH_SEARCH_PATHS = (
					"$(inherited)",
					"@executable_path/Frameworks",
					"@loader_path/Frameworks",
				);
				PRODUCT_BUNDLE_IDENTIFIER = com.nkust.LU.TelloUITests;
				PRODUCT_NAME = "$(TARGET_NAME)";
				SWIFT_VERSION = 5.0;
				TARGETED_DEVICE_FAMILY = "1,2";
				TEST_TARGET_NAME = Tello;
			};
			name = Release;
		};
/* End XCBuildConfiguration section */

/* Begin XCConfigurationList section */
		B497619E22B4012B0096F864 /* Build configuration list for PBXProject "Tello" */ = {
			isa = XCConfigurationList;
			buildConfigurations = (
				B49761C922B4012D0096F864 /* Debug */,
				B49761CA22B4012D0096F864 /* Release */,
			);
			defaultConfigurationIsVisible = 0;
			defaultConfigurationName = Release;
		};
		B49761CB22B4012D0096F864 /* Build configuration list for PBXNativeTarget "Tello" */ = {
			isa = XCConfigurationList;
			buildConfigurations = (
				B49761CC22B4012D0096F864 /* Debug */,
				B49761CD22B4012D0096F864 /* Release */,
			);
			defaultConfigurationIsVisible = 0;
			defaultConfigurationName = Release;
		};
		B49761CE22B4012D0096F864 /* Build configuration list for PBXNativeTarget "TelloTests" */ = {
			isa = XCConfigurationList;
			buildConfigurations = (
				B49761CF22B4012D0096F864 /* Debug */,
				B49761D022B4012D0096F864 /* Release */,
			);
			defaultConfigurationIsVisible = 0;
			defaultConfigurationName = Release;
		};
		B49761D122B4012D0096F864 /* Build configuration list for PBXNativeTarget "TelloUITests" */ = {
			isa = XCConfigurationList;
			buildConfigurations = (
				B49761D222B4012D0096F864 /* Debug */,
				B49761D322B4012D0096F864 /* Release */,
			);
			defaultConfigurationIsVisible = 0;
			defaultConfigurationName = Release;
		};
/* End XCConfigurationList section */
	};
	rootObject = B497619B22B4012B0096F864 /* Project object */;
}
